// !$*UTF8*$!
{
	archiveVersion = 1;
	classes = {
	};
	objectVersion = 55;
	objects = {

/* Begin PBXBuildFile section */
		4D3A3DBC27F077510070EF4A /* AppDelegate.swift in Sources */ = {isa = PBXBuildFile; fileRef = 4D3A3DBB27F077510070EF4A /* AppDelegate.swift */; };
		4D3A3DBE27F077510070EF4A /* SceneDelegate.swift in Sources */ = {isa = PBXBuildFile; fileRef = 4D3A3DBD27F077510070EF4A /* SceneDelegate.swift */; };
		4D3A3DC527F077520070EF4A /* Assets.xcassets in Resources */ = {isa = PBXBuildFile; fileRef = 4D3A3DC427F077520070EF4A /* Assets.xcassets */; };
		4D3A3DC827F077520070EF4A /* LaunchScreen.storyboard in Resources */ = {isa = PBXBuildFile; fileRef = 4D3A3DC627F077520070EF4A /* LaunchScreen.storyboard */; };
		4D3A3DD327F077830070EF4A /* MKWebview in Frameworks */ = {isa = PBXBuildFile; productRef = 4D3A3DD227F077830070EF4A /* MKWebview */; };
		4D3A3DD927F078290070EF4A /* AppCoordinator.swift in Sources */ = {isa = PBXBuildFile; fileRef = 4D3A3DD627F078290070EF4A /* AppCoordinator.swift */; };
		4D3A3DDA27F078290070EF4A /* Coordinator+FlowType.swift in Sources */ = {isa = PBXBuildFile; fileRef = 4D3A3DD727F078290070EF4A /* Coordinator+FlowType.swift */; };
		4D3A3DDB27F078290070EF4A /* BaseCoordinator.swift in Sources */ = {isa = PBXBuildFile; fileRef = 4D3A3DD827F078290070EF4A /* BaseCoordinator.swift */; };
		4D3A3DDE27F078870070EF4A /* MKFoundation in Frameworks */ = {isa = PBXBuildFile; productRef = 4D3A3DDD27F078870070EF4A /* MKFoundation */; };
		4D3A3DE427F0792D0070EF4A /* SnapKit in Frameworks */ = {isa = PBXBuildFile; productRef = 4D3A3DE327F0792D0070EF4A /* SnapKit */; };
		4D3A3DF427F079DD0070EF4A /* CommonListHeaderView.swift in Sources */ = {isa = PBXBuildFile; fileRef = 4D3A3DF027F079DD0070EF4A /* CommonListHeaderView.swift */; };
		4D3A3DF527F079DD0070EF4A /* BaseViewController.swift in Sources */ = {isa = PBXBuildFile; fileRef = 4D3A3DF227F079DD0070EF4A /* BaseViewController.swift */; };
		4D3A3DF627F079DD0070EF4A /* BaseViewModel.swift in Sources */ = {isa = PBXBuildFile; fileRef = 4D3A3DF327F079DD0070EF4A /* BaseViewModel.swift */; };
		4D3A3DFE27F07F320070EF4A /* CommonWebViewModel.swift in Sources */ = {isa = PBXBuildFile; fileRef = 4D3A3DF927F07F320070EF4A /* CommonWebViewModel.swift */; };
		4D3A3DFF27F07F320070EF4A /* CommonViewWebCoordinator.swift in Sources */ = {isa = PBXBuildFile; fileRef = 4D3A3DFB27F07F320070EF4A /* CommonViewWebCoordinator.swift */; };
		4D3A3E0027F07F320070EF4A /* CommonWebViewController.swift in Sources */ = {isa = PBXBuildFile; fileRef = 4D3A3DFD27F07F320070EF4A /* CommonWebViewController.swift */; };
		4D3A3E0227F080040070EF4A /* CustomWebViewController.swift in Sources */ = {isa = PBXBuildFile; fileRef = 4D3A3E0127F080040070EF4A /* CustomWebViewController.swift */; };
		4D3A3E0527F0807B0070EF4A /* DeepLinkTypes.swift in Sources */ = {isa = PBXBuildFile; fileRef = 4D3A3E0427F0807B0070EF4A /* DeepLinkTypes.swift */; };
		4D3A3E0827F081290070EF4A /* NVActivityIndicatorView in Frameworks */ = {isa = PBXBuildFile; productRef = 4D3A3E0727F081290070EF4A /* NVActivityIndicatorView */; };
		4D3A3E0B27F0813D0070EF4A /* ProgressView.swift in Sources */ = {isa = PBXBuildFile; fileRef = 4D3A3E0A27F0813D0070EF4A /* ProgressView.swift */; };
		4D3A3E0F27F0823E0070EF4A /* Dictionary+.swift in Sources */ = {isa = PBXBuildFile; fileRef = 4D3A3E0E27F0823E0070EF4A /* Dictionary+.swift */; };
		4D3A3E1227F082780070EF4A /* UIAlertController+.swift in Sources */ = {isa = PBXBuildFile; fileRef = 4D3A3E1127F082780070EF4A /* UIAlertController+.swift */; };
/* End PBXBuildFile section */

/* Begin PBXFileReference section */
		4D3A3DB827F077510070EF4A /* MKWebviewBridgeExample.app */ = {isa = PBXFileReference; explicitFileType = wrapper.application; includeInIndex = 0; path = MKWebviewBridgeExample.app; sourceTree = BUILT_PRODUCTS_DIR; };
		4D3A3DBB27F077510070EF4A /* AppDelegate.swift */ = {isa = PBXFileReference; lastKnownFileType = sourcecode.swift; path = AppDelegate.swift; sourceTree = "<group>"; };
		4D3A3DBD27F077510070EF4A /* SceneDelegate.swift */ = {isa = PBXFileReference; lastKnownFileType = sourcecode.swift; path = SceneDelegate.swift; sourceTree = "<group>"; };
		4D3A3DC427F077520070EF4A /* Assets.xcassets */ = {isa = PBXFileReference; lastKnownFileType = folder.assetcatalog; path = Assets.xcassets; sourceTree = "<group>"; };
		4D3A3DC727F077520070EF4A /* Base */ = {isa = PBXFileReference; lastKnownFileType = file.storyboard; name = Base; path = Base.lproj/LaunchScreen.storyboard; sourceTree = "<group>"; };
		4D3A3DC927F077520070EF4A /* Info.plist */ = {isa = PBXFileReference; lastKnownFileType = text.plist.xml; path = Info.plist; sourceTree = "<group>"; };
		4D3A3DD027F077740070EF4A /* ios_MKWebviewBridge */ = {isa = PBXFileReference; lastKnownFileType = wrapper; name = ios_MKWebviewBridge; path = ..; sourceTree = "<group>"; };
		4D3A3DD627F078290070EF4A /* AppCoordinator.swift */ = {isa = PBXFileReference; fileEncoding = 4; lastKnownFileType = sourcecode.swift; path = AppCoordinator.swift; sourceTree = "<group>"; };
		4D3A3DD727F078290070EF4A /* Coordinator+FlowType.swift */ = {isa = PBXFileReference; fileEncoding = 4; lastKnownFileType = sourcecode.swift; path = "Coordinator+FlowType.swift"; sourceTree = "<group>"; };
		4D3A3DD827F078290070EF4A /* BaseCoordinator.swift */ = {isa = PBXFileReference; fileEncoding = 4; lastKnownFileType = sourcecode.swift; path = BaseCoordinator.swift; sourceTree = "<group>"; };
		4D3A3DF027F079DD0070EF4A /* CommonListHeaderView.swift */ = {isa = PBXFileReference; fileEncoding = 4; lastKnownFileType = sourcecode.swift; path = CommonListHeaderView.swift; sourceTree = "<group>"; };
		4D3A3DF227F079DD0070EF4A /* BaseViewController.swift */ = {isa = PBXFileReference; fileEncoding = 4; lastKnownFileType = sourcecode.swift; path = BaseViewController.swift; sourceTree = "<group>"; };
		4D3A3DF327F079DD0070EF4A /* BaseViewModel.swift */ = {isa = PBXFileReference; fileEncoding = 4; lastKnownFileType = sourcecode.swift; path = BaseViewModel.swift; sourceTree = "<group>"; };
		4D3A3DF927F07F320070EF4A /* CommonWebViewModel.swift */ = {isa = PBXFileReference; fileEncoding = 4; lastKnownFileType = sourcecode.swift; path = CommonWebViewModel.swift; sourceTree = "<group>"; };
		4D3A3DFB27F07F320070EF4A /* CommonViewWebCoordinator.swift */ = {isa = PBXFileReference; fileEncoding = 4; lastKnownFileType = sourcecode.swift; path = CommonViewWebCoordinator.swift; sourceTree = "<group>"; };
		4D3A3DFD27F07F320070EF4A /* CommonWebViewController.swift */ = {isa = PBXFileReference; fileEncoding = 4; lastKnownFileType = sourcecode.swift; path = CommonWebViewController.swift; sourceTree = "<group>"; };
		4D3A3E0127F080040070EF4A /* CustomWebViewController.swift */ = {isa = PBXFileReference; lastKnownFileType = sourcecode.swift; path = CustomWebViewController.swift; sourceTree = "<group>"; };
		4D3A3E0427F0807B0070EF4A /* DeepLinkTypes.swift */ = {isa = PBXFileReference; lastKnownFileType = sourcecode.swift; path = DeepLinkTypes.swift; sourceTree = "<group>"; };
		4D3A3E0A27F0813D0070EF4A /* ProgressView.swift */ = {isa = PBXFileReference; lastKnownFileType = sourcecode.swift; path = ProgressView.swift; sourceTree = "<group>"; };
		4D3A3E0E27F0823E0070EF4A /* Dictionary+.swift */ = {isa = PBXFileReference; lastKnownFileType = sourcecode.swift; path = "Dictionary+.swift"; sourceTree = "<group>"; };
		4D3A3E1127F082780070EF4A /* UIAlertController+.swift */ = {isa = PBXFileReference; lastKnownFileType = sourcecode.swift; path = "UIAlertController+.swift"; sourceTree = "<group>"; };
/* End PBXFileReference section */

/* Begin PBXFrameworksBuildPhase section */
		4D3A3DB527F077510070EF4A /* Frameworks */ = {
			isa = PBXFrameworksBuildPhase;
			buildActionMask = 2147483647;
			files = (
				4D3A3E0827F081290070EF4A /* NVActivityIndicatorView in Frameworks */,
				4D3A3DE427F0792D0070EF4A /* SnapKit in Frameworks */,
				4D3A3DD327F077830070EF4A /* MKWebview in Frameworks */,
				4D3A3DDE27F078870070EF4A /* MKFoundation in Frameworks */,
			);
			runOnlyForDeploymentPostprocessing = 0;
		};
/* End PBXFrameworksBuildPhase section */

/* Begin PBXGroup section */
		4D3A3DAF27F077510070EF4A = {
			isa = PBXGroup;
			children = (
				4D3A3DCF27F077740070EF4A /* Packages */,
				4D3A3DBA27F077510070EF4A /* MKWebviewBridgeExample */,
				4D3A3DB927F077510070EF4A /* Products */,
				4D3A3DD127F077830070EF4A /* Frameworks */,
			);
			sourceTree = "<group>";
		};
		4D3A3DB927F077510070EF4A /* Products */ = {
			isa = PBXGroup;
			children = (
				4D3A3DB827F077510070EF4A /* MKWebviewBridgeExample.app */,
			);
			name = Products;
			sourceTree = "<group>";
		};
		4D3A3DBA27F077510070EF4A /* MKWebviewBridgeExample */ = {
			isa = PBXGroup;
			children = (
				4D3A3DD427F0780B0070EF4A /* Application Layer */,
				4D3A3DE027F078FB0070EF4A /* Presentation Layer */,
				4D3A3E0C27F0822E0070EF4A /* Core Layer */,
				4D3A3DDF27F078E30070EF4A /* Resources */,
			);
			path = MKWebviewBridgeExample;
			sourceTree = "<group>";
		};
		4D3A3DCF27F077740070EF4A /* Packages */ = {
			isa = PBXGroup;
			children = (
				4D3A3DD027F077740070EF4A /* ios_MKWebviewBridge */,
			);
			name = Packages;
			sourceTree = "<group>";
		};
		4D3A3DD127F077830070EF4A /* Frameworks */ = {
			isa = PBXGroup;
			children = (
			);
			name = Frameworks;
			sourceTree = "<group>";
		};
		4D3A3DD427F0780B0070EF4A /* Application Layer */ = {
			isa = PBXGroup;
			children = (
				4D3A3DBB27F077510070EF4A /* AppDelegate.swift */,
				4D3A3DBD27F077510070EF4A /* SceneDelegate.swift */,
				4D3A3DD527F078180070EF4A /* Coordinator */,
			);
			path = "Application Layer";
			sourceTree = "<group>";
		};
		4D3A3DD527F078180070EF4A /* Coordinator */ = {
			isa = PBXGroup;
			children = (
				4D3A3DD627F078290070EF4A /* AppCoordinator.swift */,
				4D3A3DD827F078290070EF4A /* BaseCoordinator.swift */,
				4D3A3DD727F078290070EF4A /* Coordinator+FlowType.swift */,
			);
			path = Coordinator;
			sourceTree = "<group>";
		};
		4D3A3DDF27F078E30070EF4A /* Resources */ = {
			isa = PBXGroup;
			children = (
				4D3A3DC927F077520070EF4A /* Info.plist */,
				4D3A3DC427F077520070EF4A /* Assets.xcassets */,
				4D3A3DC627F077520070EF4A /* LaunchScreen.storyboard */,
			);
			path = Resources;
			sourceTree = "<group>";
		};
		4D3A3DE027F078FB0070EF4A /* Presentation Layer */ = {
			isa = PBXGroup;
			children = (
				4D3A3DF727F07F320070EF4A /* CommonWebScene */,
				4D3A3DE127F0790B0070EF4A /* Common */,
			);
			path = "Presentation Layer";
			sourceTree = "<group>";
		};
		4D3A3DE127F0790B0070EF4A /* Common */ = {
			isa = PBXGroup;
			children = (
				4D3A3E0927F081300070EF4A /* Progress */,
				4D3A3DF127F079DD0070EF4A /* Base */,
				4D3A3DEF27F079DD0070EF4A /* Cells */,
			);
			path = Common;
			sourceTree = "<group>";
		};
		4D3A3DEF27F079DD0070EF4A /* Cells */ = {
			isa = PBXGroup;
			children = (
				4D3A3DF027F079DD0070EF4A /* CommonListHeaderView.swift */,
			);
			path = Cells;
			sourceTree = "<group>";
		};
		4D3A3DF127F079DD0070EF4A /* Base */ = {
			isa = PBXGroup;
			children = (
				4D3A3DF227F079DD0070EF4A /* BaseViewController.swift */,
				4D3A3DF327F079DD0070EF4A /* BaseViewModel.swift */,
				4D3A3E0127F080040070EF4A /* CustomWebViewController.swift */,
			);
			path = Base;
			sourceTree = "<group>";
		};
		4D3A3DF727F07F320070EF4A /* CommonWebScene */ = {
			isa = PBXGroup;
			children = (
				4D3A3E0327F080700070EF4A /* Models */,
				4D3A3DF827F07F320070EF4A /* ViewModel */,
				4D3A3DFA27F07F320070EF4A /* Coordinator */,
				4D3A3DFC27F07F320070EF4A /* View */,
			);
			path = CommonWebScene;
			sourceTree = "<group>";
		};
		4D3A3DF827F07F320070EF4A /* ViewModel */ = {
			isa = PBXGroup;
			children = (
				4D3A3DF927F07F320070EF4A /* CommonWebViewModel.swift */,
			);
			path = ViewModel;
			sourceTree = "<group>";
		};
		4D3A3DFA27F07F320070EF4A /* Coordinator */ = {
			isa = PBXGroup;
			children = (
				4D3A3DFB27F07F320070EF4A /* CommonViewWebCoordinator.swift */,
			);
			path = Coordinator;
			sourceTree = "<group>";
		};
		4D3A3DFC27F07F320070EF4A /* View */ = {
			isa = PBXGroup;
			children = (
				4D3A3DFD27F07F320070EF4A /* CommonWebViewController.swift */,
			);
			path = View;
			sourceTree = "<group>";
		};
		4D3A3E0327F080700070EF4A /* Models */ = {
			isa = PBXGroup;
			children = (
				4D3A3E0427F0807B0070EF4A /* DeepLinkTypes.swift */,
			);
			path = Models;
			sourceTree = "<group>";
		};
		4D3A3E0927F081300070EF4A /* Progress */ = {
			isa = PBXGroup;
			children = (
				4D3A3E0A27F0813D0070EF4A /* ProgressView.swift */,
			);
			path = Progress;
			sourceTree = "<group>";
		};
		4D3A3E0C27F0822E0070EF4A /* Core Layer */ = {
			isa = PBXGroup;
			children = (
				4D3A3E0D27F082350070EF4A /* Extensions */,
			);
			path = "Core Layer";
			sourceTree = "<group>";
		};
		4D3A3E0D27F082350070EF4A /* Extensions */ = {
			isa = PBXGroup;
			children = (
				4D3A3E0E27F0823E0070EF4A /* Dictionary+.swift */,
				4D3A3E1127F082780070EF4A /* UIAlertController+.swift */,
			);
			path = Extensions;
			sourceTree = "<group>";
		};
/* End PBXGroup section */

/* Begin PBXNativeTarget section */
		4D3A3DB727F077510070EF4A /* MKWebviewBridgeExample */ = {
			isa = PBXNativeTarget;
			buildConfigurationList = 4D3A3DCC27F077520070EF4A /* Build configuration list for PBXNativeTarget "MKWebviewBridgeExample" */;
			buildPhases = (
				4D3A3DB427F077510070EF4A /* Sources */,
				4D3A3DB527F077510070EF4A /* Frameworks */,
				4D3A3DB627F077510070EF4A /* Resources */,
			);
			buildRules = (
			);
			dependencies = (
			);
			name = MKWebviewBridgeExample;
			packageProductDependencies = (
				4D3A3DD227F077830070EF4A /* MKWebview */,
				4D3A3DDD27F078870070EF4A /* MKFoundation */,
				4D3A3DE327F0792D0070EF4A /* SnapKit */,
				4D3A3E0727F081290070EF4A /* NVActivityIndicatorView */,
			);
			productName = MKWebviewBridgeExample;
			productReference = 4D3A3DB827F077510070EF4A /* MKWebviewBridgeExample.app */;
			productType = "com.apple.product-type.application";
		};
/* End PBXNativeTarget section */

/* Begin PBXProject section */
		4D3A3DB027F077510070EF4A /* Project object */ = {
			isa = PBXProject;
			attributes = {
				BuildIndependentTargetsInParallel = 1;
				LastSwiftUpdateCheck = 1330;
				LastUpgradeCheck = 1330;
				TargetAttributes = {
					4D3A3DB727F077510070EF4A = {
						CreatedOnToolsVersion = 13.3;
					};
				};
			};
			buildConfigurationList = 4D3A3DB327F077510070EF4A /* Build configuration list for PBXProject "MKWebviewBridgeExample" */;
			compatibilityVersion = "Xcode 13.0";
			developmentRegion = en;
			hasScannedForEncodings = 0;
			knownRegions = (
				en,
				Base,
			);
			mainGroup = 4D3A3DAF27F077510070EF4A;
			packageReferences = (
				4D3A3DDC27F078870070EF4A /* XCRemoteSwiftPackageReference "MKFoundation" */,
				4D3A3DE227F0792D0070EF4A /* XCRemoteSwiftPackageReference "SnapKit" */,
				4D3A3E0627F081290070EF4A /* XCRemoteSwiftPackageReference "NVActivityIndicatorView" */,
			);
			productRefGroup = 4D3A3DB927F077510070EF4A /* Products */;
			projectDirPath = "";
			projectRoot = "";
			targets = (
				4D3A3DB727F077510070EF4A /* MKWebviewBridgeExample */,
			);
		};
/* End PBXProject section */

/* Begin PBXResourcesBuildPhase section */
		4D3A3DB627F077510070EF4A /* Resources */ = {
			isa = PBXResourcesBuildPhase;
			buildActionMask = 2147483647;
			files = (
				4D3A3DC827F077520070EF4A /* LaunchScreen.storyboard in Resources */,
				4D3A3DC527F077520070EF4A /* Assets.xcassets in Resources */,
			);
			runOnlyForDeploymentPostprocessing = 0;
		};
/* End PBXResourcesBuildPhase section */

/* Begin PBXSourcesBuildPhase section */
		4D3A3DB427F077510070EF4A /* Sources */ = {
			isa = PBXSourcesBuildPhase;
			buildActionMask = 2147483647;
			files = (
				4D3A3DD927F078290070EF4A /* AppCoordinator.swift in Sources */,
				4D3A3DF627F079DD0070EF4A /* BaseViewModel.swift in Sources */,
				4D3A3DFE27F07F320070EF4A /* CommonWebViewModel.swift in Sources */,
				4D3A3DFF27F07F320070EF4A /* CommonViewWebCoordinator.swift in Sources */,
				4D3A3DDB27F078290070EF4A /* BaseCoordinator.swift in Sources */,
				4D3A3DDA27F078290070EF4A /* Coordinator+FlowType.swift in Sources */,
				4D3A3DBC27F077510070EF4A /* AppDelegate.swift in Sources */,
				4D3A3E0527F0807B0070EF4A /* DeepLinkTypes.swift in Sources */,
				4D3A3E1227F082780070EF4A /* UIAlertController+.swift in Sources */,
				4D3A3DF527F079DD0070EF4A /* BaseViewController.swift in Sources */,
				4D3A3E0227F080040070EF4A /* CustomWebViewController.swift in Sources */,
				4D3A3DBE27F077510070EF4A /* SceneDelegate.swift in Sources */,
				4D3A3E0F27F0823E0070EF4A /* Dictionary+.swift in Sources */,
				4D3A3E0B27F0813D0070EF4A /* ProgressView.swift in Sources */,
				4D3A3E0027F07F320070EF4A /* CommonWebViewController.swift in Sources */,
				4D3A3DF427F079DD0070EF4A /* CommonListHeaderView.swift in Sources */,
			);
			runOnlyForDeploymentPostprocessing = 0;
		};
/* End PBXSourcesBuildPhase section */

/* Begin PBXVariantGroup section */
		4D3A3DC627F077520070EF4A /* LaunchScreen.storyboard */ = {
			isa = PBXVariantGroup;
			children = (
				4D3A3DC727F077520070EF4A /* Base */,
			);
			name = LaunchScreen.storyboard;
			sourceTree = "<group>";
		};
/* End PBXVariantGroup section */

/* Begin XCBuildConfiguration section */
		4D3A3DCA27F077520070EF4A /* Debug */ = {
			isa = XCBuildConfiguration;
			buildSettings = {
				ALWAYS_SEARCH_USER_PATHS = NO;
				CLANG_ANALYZER_NONNULL = YES;
				CLANG_ANALYZER_NUMBER_OBJECT_CONVERSION = YES_AGGRESSIVE;
				CLANG_CXX_LANGUAGE_STANDARD = "gnu++17";
				CLANG_ENABLE_MODULES = YES;
				CLANG_ENABLE_OBJC_ARC = YES;
				CLANG_ENABLE_OBJC_WEAK = YES;
				CLANG_WARN_BLOCK_CAPTURE_AUTORELEASING = YES;
				CLANG_WARN_BOOL_CONVERSION = YES;
				CLANG_WARN_COMMA = YES;
				CLANG_WARN_CONSTANT_CONVERSION = YES;
				CLANG_WARN_DEPRECATED_OBJC_IMPLEMENTATIONS = YES;
				CLANG_WARN_DIRECT_OBJC_ISA_USAGE = YES_ERROR;
				CLANG_WARN_DOCUMENTATION_COMMENTS = YES;
				CLANG_WARN_EMPTY_BODY = YES;
				CLANG_WARN_ENUM_CONVERSION = YES;
				CLANG_WARN_INFINITE_RECURSION = YES;
				CLANG_WARN_INT_CONVERSION = YES;
				CLANG_WARN_NON_LITERAL_NULL_CONVERSION = YES;
				CLANG_WARN_OBJC_IMPLICIT_RETAIN_SELF = YES;
				CLANG_WARN_OBJC_LITERAL_CONVERSION = YES;
				CLANG_WARN_OBJC_ROOT_CLASS = YES_ERROR;
				CLANG_WARN_QUOTED_INCLUDE_IN_FRAMEWORK_HEADER = YES;
				CLANG_WARN_RANGE_LOOP_ANALYSIS = YES;
				CLANG_WARN_STRICT_PROTOTYPES = YES;
				CLANG_WARN_SUSPICIOUS_MOVE = YES;
				CLANG_WARN_UNGUARDED_AVAILABILITY = YES_AGGRESSIVE;
				CLANG_WARN_UNREACHABLE_CODE = YES;
				CLANG_WARN__DUPLICATE_METHOD_MATCH = YES;
				COPY_PHASE_STRIP = NO;
				DEBUG_INFORMATION_FORMAT = dwarf;
				ENABLE_STRICT_OBJC_MSGSEND = YES;
				ENABLE_TESTABILITY = YES;
				GCC_C_LANGUAGE_STANDARD = gnu11;
				GCC_DYNAMIC_NO_PIC = NO;
				GCC_NO_COMMON_BLOCKS = YES;
				GCC_OPTIMIZATION_LEVEL = 0;
				GCC_PREPROCESSOR_DEFINITIONS = (
					"DEBUG=1",
					"$(inherited)",
				);
				GCC_WARN_64_TO_32_BIT_CONVERSION = YES;
				GCC_WARN_ABOUT_RETURN_TYPE = YES_ERROR;
				GCC_WARN_UNDECLARED_SELECTOR = YES;
				GCC_WARN_UNINITIALIZED_AUTOS = YES_AGGRESSIVE;
				GCC_WARN_UNUSED_FUNCTION = YES;
				GCC_WARN_UNUSED_VARIABLE = YES;
				IPHONEOS_DEPLOYMENT_TARGET = 13.0;
				MTL_ENABLE_DEBUG_INFO = INCLUDE_SOURCE;
				MTL_FAST_MATH = YES;
				ONLY_ACTIVE_ARCH = YES;
				SDKROOT = iphoneos;
				SWIFT_ACTIVE_COMPILATION_CONDITIONS = DEBUG;
				SWIFT_OPTIMIZATION_LEVEL = "-Onone";
			};
			name = Debug;
		};
		4D3A3DCB27F077520070EF4A /* Release */ = {
			isa = XCBuildConfiguration;
			buildSettings = {
				ALWAYS_SEARCH_USER_PATHS = NO;
				CLANG_ANALYZER_NONNULL = YES;
				CLANG_ANALYZER_NUMBER_OBJECT_CONVERSION = YES_AGGRESSIVE;
				CLANG_CXX_LANGUAGE_STANDARD = "gnu++17";
				CLANG_ENABLE_MODULES = YES;
				CLANG_ENABLE_OBJC_ARC = YES;
				CLANG_ENABLE_OBJC_WEAK = YES;
				CLANG_WARN_BLOCK_CAPTURE_AUTORELEASING = YES;
				CLANG_WARN_BOOL_CONVERSION = YES;
				CLANG_WARN_COMMA = YES;
				CLANG_WARN_CONSTANT_CONVERSION = YES;
				CLANG_WARN_DEPRECATED_OBJC_IMPLEMENTATIONS = YES;
				CLANG_WARN_DIRECT_OBJC_ISA_USAGE = YES_ERROR;
				CLANG_WARN_DOCUMENTATION_COMMENTS = YES;
				CLANG_WARN_EMPTY_BODY = YES;
				CLANG_WARN_ENUM_CONVERSION = YES;
				CLANG_WARN_INFINITE_RECURSION = YES;
				CLANG_WARN_INT_CONVERSION = YES;
				CLANG_WARN_NON_LITERAL_NULL_CONVERSION = YES;
				CLANG_WARN_OBJC_IMPLICIT_RETAIN_SELF = YES;
				CLANG_WARN_OBJC_LITERAL_CONVERSION = YES;
				CLANG_WARN_OBJC_ROOT_CLASS = YES_ERROR;
				CLANG_WARN_QUOTED_INCLUDE_IN_FRAMEWORK_HEADER = YES;
				CLANG_WARN_RANGE_LOOP_ANALYSIS = YES;
				CLANG_WARN_STRICT_PROTOTYPES = YES;
				CLANG_WARN_SUSPICIOUS_MOVE = YES;
				CLANG_WARN_UNGUARDED_AVAILABILITY = YES_AGGRESSIVE;
				CLANG_WARN_UNREACHABLE_CODE = YES;
				CLANG_WARN__DUPLICATE_METHOD_MATCH = YES;
				COPY_PHASE_STRIP = NO;
				DEBUG_INFORMATION_FORMAT = "dwarf-with-dsym";
				ENABLE_NS_ASSERTIONS = NO;
				ENABLE_STRICT_OBJC_MSGSEND = YES;
				GCC_C_LANGUAGE_STANDARD = gnu11;
				GCC_NO_COMMON_BLOCKS = YES;
				GCC_WARN_64_TO_32_BIT_CONVERSION = YES;
				GCC_WARN_ABOUT_RETURN_TYPE = YES_ERROR;
				GCC_WARN_UNDECLARED_SELECTOR = YES;
				GCC_WARN_UNINITIALIZED_AUTOS = YES_AGGRESSIVE;
				GCC_WARN_UNUSED_FUNCTION = YES;
				GCC_WARN_UNUSED_VARIABLE = YES;
				IPHONEOS_DEPLOYMENT_TARGET = 13.0;
				MTL_ENABLE_DEBUG_INFO = NO;
				MTL_FAST_MATH = YES;
				SDKROOT = iphoneos;
				SWIFT_COMPILATION_MODE = wholemodule;
				SWIFT_OPTIMIZATION_LEVEL = "-O";
				VALIDATE_PRODUCT = YES;
			};
			name = Release;
		};
		4D3A3DCD27F077520070EF4A /* Debug */ = {
			isa = XCBuildConfiguration;
			buildSettings = {
				ASSETCATALOG_COMPILER_APPICON_NAME = AppIcon;
				ASSETCATALOG_COMPILER_GLOBAL_ACCENT_COLOR_NAME = AccentColor;
				CODE_SIGN_STYLE = Automatic;
				CURRENT_PROJECT_VERSION = 1;
				DEVELOPMENT_TEAM = J74YZ2WGU6;
				GENERATE_INFOPLIST_FILE = YES;
				INFOPLIST_FILE = MKWebviewBridgeExample/Resources/Info.plist;
				INFOPLIST_KEY_UIApplicationSupportsIndirectInputEvents = YES;
				INFOPLIST_KEY_UILaunchStoryboardName = LaunchScreen;
				INFOPLIST_KEY_UISupportedInterfaceOrientations = "";
				INFOPLIST_KEY_UISupportedInterfaceOrientations_iPad = "UIInterfaceOrientationPortrait UIInterfaceOrientationPortraitUpsideDown UIInterfaceOrientationLandscapeLeft UIInterfaceOrientationLandscapeRight";
				INFOPLIST_KEY_UISupportedInterfaceOrientations_iPhone = "UIInterfaceOrientationPortrait UIInterfaceOrientationLandscapeLeft UIInterfaceOrientationLandscapeRight";
				LD_RUNPATH_SEARCH_PATHS = (
					"$(inherited)",
					"@executable_path/Frameworks",
				);
				MARKETING_VERSION = 1.0.0;
				PRODUCT_BUNDLE_IDENTIFIER = com.remain.WebviewBridgeExample;
				PRODUCT_NAME = "$(TARGET_NAME)";
				SWIFT_EMIT_LOC_STRINGS = YES;
				SWIFT_VERSION = 5.0;
				TARGETED_DEVICE_FAMILY = "1,2";
			};
			name = Debug;
		};
		4D3A3DCE27F077520070EF4A /* Release */ = {
			isa = XCBuildConfiguration;
			buildSettings = {
				ASSETCATALOG_COMPILER_APPICON_NAME = AppIcon;
				ASSETCATALOG_COMPILER_GLOBAL_ACCENT_COLOR_NAME = AccentColor;
				CODE_SIGN_STYLE = Automatic;
				CURRENT_PROJECT_VERSION = 1;
				DEVELOPMENT_TEAM = J74YZ2WGU6;
				GENERATE_INFOPLIST_FILE = YES;
				INFOPLIST_FILE = MKWebviewBridgeExample/Resources/Info.plist;
				INFOPLIST_KEY_UIApplicationSupportsIndirectInputEvents = YES;
				INFOPLIST_KEY_UILaunchStoryboardName = LaunchScreen;
				INFOPLIST_KEY_UISupportedInterfaceOrientations = "";
				INFOPLIST_KEY_UISupportedInterfaceOrientations_iPad = "UIInterfaceOrientationPortrait UIInterfaceOrientationPortraitUpsideDown UIInterfaceOrientationLandscapeLeft UIInterfaceOrientationLandscapeRight";
				INFOPLIST_KEY_UISupportedInterfaceOrientations_iPhone = "UIInterfaceOrientationPortrait UIInterfaceOrientationLandscapeLeft UIInterfaceOrientationLandscapeRight";
				LD_RUNPATH_SEARCH_PATHS = (
					"$(inherited)",
					"@executable_path/Frameworks",
				);
				MARKETING_VERSION = 1.0.0;
				PRODUCT_BUNDLE_IDENTIFIER = com.remain.WebviewBridgeExample;
				PRODUCT_NAME = "$(TARGET_NAME)";
				SWIFT_EMIT_LOC_STRINGS = YES;
				SWIFT_VERSION = 5.0;
				TARGETED_DEVICE_FAMILY = "1,2";
			};
			name = Release;
		};
/* End XCBuildConfiguration section */

/* Begin XCConfigurationList section */
		4D3A3DB327F077510070EF4A /* Build configuration list for PBXProject "MKWebviewBridgeExample" */ = {
			isa = XCConfigurationList;
			buildConfigurations = (
				4D3A3DCA27F077520070EF4A /* Debug */,
				4D3A3DCB27F077520070EF4A /* Release */,
			);
			defaultConfigurationIsVisible = 0;
			defaultConfigurationName = Release;
		};
		4D3A3DCC27F077520070EF4A /* Build configuration list for PBXNativeTarget "MKWebviewBridgeExample" */ = {
			isa = XCConfigurationList;
			buildConfigurations = (
				4D3A3DCD27F077520070EF4A /* Debug */,
				4D3A3DCE27F077520070EF4A /* Release */,
			);
			defaultConfigurationIsVisible = 0;
			defaultConfigurationName = Release;
		};
/* End XCConfigurationList section */

/* Begin XCRemoteSwiftPackageReference section */
		4D3A3DDC27F078870070EF4A /* XCRemoteSwiftPackageReference "MKFoundation" */ = {
			isa = XCRemoteSwiftPackageReference;
			repositoryURL = "https://github.com/vincent-k-sm/MKFoundation";
			requirement = {
				kind = upToNextMajorVersion;
				minimumVersion = 1.0.3;
			};
		};
		4D3A3DE227F0792D0070EF4A /* XCRemoteSwiftPackageReference "SnapKit" */ = {
			isa = XCRemoteSwiftPackageReference;
			repositoryURL = "https://github.com/SnapKit/SnapKit";
			requirement = {
				kind = upToNextMajorVersion;
				minimumVersion = 5.0.0;
			};
		};
		4D3A3E0627F081290070EF4A /* XCRemoteSwiftPackageReference "NVActivityIndicatorView" */ = {
			isa = XCRemoteSwiftPackageReference;
			repositoryURL = "https://github.com/ninjaprox/NVActivityIndicatorView";
			requirement = {
				kind = upToNextMajorVersion;
				minimumVersion = 5.0.0;
			};
		};
/* End XCRemoteSwiftPackageReference section */

/* Begin XCSwiftPackageProductDependency section */
		4D3A3DD227F077830070EF4A /* MKWebview */ = {
			isa = XCSwiftPackageProductDependency;
			productName = MKWebview;
		};
		4D3A3DDD27F078870070EF4A /* MKFoundation */ = {
			isa = XCSwiftPackageProductDependency;
			package = 4D3A3DDC27F078870070EF4A /* XCRemoteSwiftPackageReference "MKFoundation" */;
			productName = MKFoundation;
		};
		4D3A3DE327F0792D0070EF4A /* SnapKit */ = {
			isa = XCSwiftPackageProductDependency;
			package = 4D3A3DE227F0792D0070EF4A /* XCRemoteSwiftPackageReference "SnapKit" */;
			productName = SnapKit;
		};
		4D3A3E0727F081290070EF4A /* NVActivityIndicatorView */ = {
			isa = XCSwiftPackageProductDependency;
			package = 4D3A3E0627F081290070EF4A /* XCRemoteSwiftPackageReference "NVActivityIndicatorView" */;
			productName = NVActivityIndicatorView;
		};
/* End XCSwiftPackageProductDependency section */
	};
	rootObject = 4D3A3DB027F077510070EF4A /* Project object */;
}
